
Microsoft Visual Studio Solution File, Format Version 12.00
# Visual Studio Version 17
VisualStudioVersion = 17.0.31903.59
MinimumVisualStudioVersion = 10.0.40219.1
Project("{FAE04EC0-301F-11D3-BF4B-00C04F79EFBC}") = "IntCollections", "IntCollections\IntCollections.csproj", "{05110B4D-AF91-4932-A500-A837EF392158}"
EndProject
Project("{FAE04EC0-301F-11D3-BF4B-00C04F79EFBC}") = "EqualPlayer", "EqualPlayer\EqualPlayer.csproj", "{64ADA31D-2539-430E-B8E9-1C58E7A7EED1}"
EndProject
Project("{FAE04EC0-301F-11D3-BF4B-00C04F79EFBC}") = "FilePower1", "FilePower1\FilePower1.csproj", "{1C1165E1-0007-4CA5-941B-E617B96CC8CF}"
EndProject
Project("{FAE04EC0-301F-11D3-BF4B-00C04F79EFBC}") = "FilePower2", "FilePower2\FilePower2.csproj", "{7355C27E-A911-45B1-B0A6-93A54C488DB4}"
EndProject
Project("{FAE04EC0-301F-11D3-BF4B-00C04F79EFBC}") = "CharSets", "CharSets\CharSets.csproj", "{1CF80C4B-1E70-45D2-9456-8863DFA33239}"
EndProject
Global
	GlobalSection(SolutionConfigurationPlatforms) = preSolution
		Debug|Any CPU = Debug|Any CPU
		Release|Any CPU = Release|Any CPU
	EndGlobalSection
	GlobalSection(SolutionProperties) = preSolution
		HideSolutionNode = FALSE
	EndGlobalSection
	GlobalSection(ProjectConfigurationPlatforms) = postSolution
		{05110B4D-AF91-4932-A500-A837EF392158}.Debug|Any CPU.ActiveCfg = Debug|Any CPU
		{05110B4D-AF91-4932-A500-A837EF392158}.Debug|Any CPU.Build.0 = Debug|Any CPU
		{05110B4D-AF91-4932-A500-A837EF392158}.Release|Any CPU.ActiveCfg = Release|Any CPU
		{05110B4D-AF91-4932-A500-A837EF392158}.Release|Any CPU.Build.0 = Release|Any CPU
		{64ADA31D-2539-430E-B8E9-1C58E7A7EED1}.Debug|Any CPU.ActiveCfg = Debug|Any CPU
		{64ADA31D-2539-430E-B8E9-1C58E7A7EED1}.Debug|Any CPU.Build.0 = Debug|Any CPU
		{64ADA31D-2539-430E-B8E9-1C58E7A7EED1}.Release|Any CPU.ActiveCfg = Release|Any CPU
		{64ADA31D-2539-430E-B8E9-1C58E7A7EED1}.Release|Any CPU.Build.0 = Release|Any CPU
		{1C1165E1-0007-4CA5-941B-E617B96CC8CF}.Debug|Any CPU.ActiveCfg = Debug|Any CPU
		{1C1165E1-0007-4CA5-941B-E617B96CC8CF}.Debug|Any CPU.Build.0 = Debug|Any CPU
		{1C1165E1-0007-4CA5-941B-E617B96CC8CF}.Release|Any CPU.ActiveCfg = Release|Any CPU
		{1C1165E1-0007-4CA5-941B-E617B96CC8CF}.Release|Any CPU.Build.0 = Release|Any CPU
		{7355C27E-A911-45B1-B0A6-93A54C488DB4}.Debug|Any CPU.ActiveCfg = Debug|Any CPU
		{7355C27E-A911-45B1-B0A6-93A54C488DB4}.Debug|Any CPU.Build.0 = Debug|Any CPU
		{7355C27E-A911-45B1-B0A6-93A54C488DB4}.Release|Any CPU.ActiveCfg = Release|Any CPU
		{7355C27E-A911-45B1-B0A6-93A54C488DB4}.Release|Any CPU.Build.0 = Release|Any CPU
		{1CF80C4B-1E70-45D2-9456-8863DFA33239}.Debug|Any CPU.ActiveCfg = Debug|Any CPU
		{1CF80C4B-1E70-45D2-9456-8863DFA33239}.Debug|Any CPU.Build.0 = Debug|Any CPU
		{1CF80C4B-1E70-45D2-9456-8863DFA33239}.Release|Any CPU.ActiveCfg = Release|Any CPU
		{1CF80C4B-1E70-45D2-9456-8863DFA33239}.Release|Any CPU.Build.0 = Release|Any CPU
	EndGlobalSection
EndGlobal
